
Microsoft Visual Studio Solution File, Format Version 12.00
# Visual Studio Version 16
VisualStudioVersion = 16.0.32630.194
MinimumVisualStudioVersion = 10.0.40219.1
Project("{F184B08F-C81C-45F6-A57F-5ABD9991F28F}") = "WindowsApp1", "WindowsApp1.vbproj", "{9606A7AB-D7CE-45CF-A311-041C118426F2}"
EndProject
Global
	GlobalSection(SolutionConfigurationPlatforms) = preSolution
		Debug|Any CPU = Debug|Any CPU
		Release|Any CPU = Release|Any CPU
	EndGlobalSection
	GlobalSection(ProjectConfigurationPlatforms) = postSolution
		{9606A7AB-D7CE-45CF-A311-041C118426F2}.Debug|Any CPU.ActiveCfg = Debug|Any CPU
		{9606A7AB-D7CE-45CF-A311-041C118426F2}.Debug|Any CPU.Build.0 = Debug|Any CPU
		{9606A7AB-D7CE-45CF-A311-041C118426F2}.Release|Any CPU.ActiveCfg = Release|Any CPU
		{9606A7AB-D7CE-45CF-A311-041C118426F2}.Release|Any CPU.Build.0 = Release|Any CPU
	EndGlobalSection
	GlobalSection(SolutionProperties) = preSolution
		HideSolutionNode = FALSE
	EndGlobalSection
	GlobalSection(ExtensibilityGlobals) = postSolution
		SolutionGuid = {739DF230-5A0E-424B-934D-DB819ECD05E6}
	EndGlobalSection
EndGlobal
